
Microsoft Visual Studio Solution File, Format Version 12.00
# Visual Studio Version 16
VisualStudioVersion = 16.0.30406.217
MinimumVisualStudioVersion = 10.0.40219.1
Project("{FAE04EC0-301F-11D3-BF4B-00C04F79EFBC}") = "Ex_resolvido_122_stringBuilder", "Ex_resolvido_122_stringBuilder\Ex_resolvido_122_stringBuilder.csproj", "{EA795744-8A44-45F8-8683-D6681003BD9D}"
EndProject
Global
	GlobalSection(SolutionConfigurationPlatforms) = preSolution
		Debug|Any CPU = Debug|Any CPU
		Release|Any CPU = Release|Any CPU
	EndGlobalSection
	GlobalSection(ProjectConfigurationPlatforms) = postSolution
		{EA795744-8A44-45F8-8683-D6681003BD9D}.Debug|Any CPU.ActiveCfg = Debug|Any CPU
		{EA795744-8A44-45F8-8683-D6681003BD9D}.Debug|Any CPU.Build.0 = Debug|Any CPU
		{EA795744-8A44-45F8-8683-D6681003BD9D}.Release|Any CPU.ActiveCfg = Release|Any CPU
		{EA795744-8A44-45F8-8683-D6681003BD9D}.Release|Any CPU.Build.0 = Release|Any CPU
	EndGlobalSection
	GlobalSection(SolutionProperties) = preSolution
		HideSolutionNode = FALSE
	EndGlobalSection
	GlobalSection(ExtensibilityGlobals) = postSolution
		SolutionGuid = {369B199C-5C72-4F8F-AD7F-F07A176ADF9C}
	EndGlobalSection
EndGlobal
